<?xml version="1.0" encoding="utf-8"?>
<Project ToolsVersion="4.0" xmlns="http://schemas.microsoft.com/developer/msbuild/2003">
  <ItemGroup>
    <Filter Include="源文件">
      <UniqueIdentifier>{4FC737F1-C7A5-4376-A066-2A32D752A2FF}</UniqueIdentifier>
      <Extensions>cpp;c;cc;cxx;def;odl;idl;hpj;bat;asm;asmx</Extensions>
    </Filter>
    <Filter Include="头文件">
      <UniqueIdentifier>{93995380-89BD-4b04-88EB-625FBE52EBFB}</UniqueIdentifier>
      <Extensions>h;hh;hpp;hxx;hm;inl;inc;ipp;xsd</Extensions>
    </Filter>
    <Filter Include="资源文件">
      <UniqueIdentifier>{67DA6AB6-F800-4c08-8B7A-83BB121AAD01}</UniqueIdentifier>
      <Extensions>rc;ico;cur;bmp;dlg;rc2;rct;bin;rgs;gif;jpg;jpeg;jpe;resx;tiff;tif;png;wav;mfcribbon-ms</Extensions>
    </Filter>
    <Filter Include="ShaderChunk">
      <UniqueIdentifier>{e7f8717a-d746-4167-ab51-f4d544c59df8}</UniqueIdentifier>
    </Filter>
    <Filter Include="ShaderLib">
      <UniqueIdentifier>{5583bb43-dcd8-4742-a8ae-b7c0da1ba4a8}</UniqueIdentifier>
    </Filter>
  </ItemGroup>
  <ItemGroup>
    <ClInclude Include="pch.h">
      <Filter>头文件</Filter>
    </ClInclude>
    <ClInclude Include="mesh.h">
      <Filter>头文件</Filter>
    </ClInclude>
    <ClInclude Include="Texture2D.h">
      <Filter>头文件</Filter>
    </ClInclude>
    <ClInclude Include="Camera.h">
      <Filter>头文件</Filter>
    </ClInclude>
    <ClInclude Include="BufferGeometry.h">
      <Filter>头文件</Filter>
    </ClInclude>
    <ClInclude Include="Geometry.h">
      <Filter>头文件</Filter>
    </ClInclude>
    <ClInclude Include="Material.h">
      <Filter>头文件</Filter>
    </ClInclude>
    <ClInclude Include="MeshBasicMaterial.h">
      <Filter>头文件</Filter>
    </ClInclude>
    <ClInclude Include="Shader.h">
      <Filter>头文件</Filter>
    </ClInclude>
    <ClInclude Include="PerspectiveCamera.h">
      <Filter>头文件</Filter>
    </ClInclude>
    <ClInclude Include="Object3D.h">
      <Filter>头文件</Filter>
    </ClInclude>
    <ClInclude Include="Renderer.h">
      <Filter>头文件</Filter>
    </ClInclude>
    <ClInclude Include="Scene.h">
      <Filter>头文件</Filter>
    </ClInclude>
    <ClInclude Include="Uuid.hpp">
      <Filter>头文件</Filter>
    </ClInclude>
    <ClInclude Include="RenderState.h">
      <Filter>头文件</Filter>
    </ClInclude>
    <ClInclude Include="BoxGeometry.h">
      <Filter>头文件</Filter>
    </ClInclude>
    <ClInclude Include="PlaneGeometry.h">
      <Filter>头文件</Filter>
    </ClInclude>
    <ClInclude Include="ShaderMaterial.h">
      <Filter>头文件</Filter>
    </ClInclude>
    <ClInclude Include="Light.h">
      <Filter>头文件</Filter>
    </ClInclude>
    <ClInclude Include="PointLight.h">
      <Filter>头文件</Filter>
    </ClInclude>
    <ClInclude Include="ShaderObject.h">
      <Filter>头文件</Filter>
    </ClInclude>
    <ClInclude Include="UniformsLib.h">
      <Filter>头文件</Filter>
    </ClInclude>
    <ClInclude Include="ShaderChunk.h">
      <Filter>头文件</Filter>
    </ClInclude>
    <ClInclude Include="resource.h">
      <Filter>头文件</Filter>
    </ClInclude>
    <ClInclude Include="ShaderLib.h">
      <Filter>头文件</Filter>
    </ClInclude>
    <ClInclude Include="Programs.h">
      <Filter>头文件</Filter>
    </ClInclude>
    <ClInclude Include="Program.h">
      <Filter>头文件</Filter>
    </ClInclude>
    <ClInclude Include="ProgramParameters.h">
      <Filter>头文件</Filter>
    </ClInclude>
    <ClInclude Include="MaterialPropertie.h">
      <Filter>头文件</Filter>
    </ClInclude>
    <ClInclude Include="Uniforms.h">
      <Filter>头文件</Filter>
    </ClInclude>
    <ClInclude Include="SingleUniform.h">
      <Filter>头文件</Filter>
    </ClInclude>
    <ClInclude Include="Uniform.h">
      <Filter>头文件</Filter>
    </ClInclude>
    <ClInclude Include="State.h">
      <Filter>头文件</Filter>
    </ClInclude>
    <ClInclude Include="UniformSetting.h">
      <Filter>头文件</Filter>
    </ClInclude>
    <ClInclude Include="Textures.h">
      <Filter>头文件</Filter>
    </ClInclude>
    <ClInclude Include="Texture.h">
      <Filter>头文件</Filter>
    </ClInclude>
    <ClInclude Include="Capabilities.h">
      <Filter>头文件</Filter>
    </ClInclude>
    <ClInclude Include="Properties.h">
      <Filter>头文件</Filter>
    </ClInclude>
    <ClInclude Include="TexturePropertie.h">
      <Filter>头文件</Filter>
    </ClInclude>
    <ClInclude Include="Image.h">
      <Filter>头文件</Filter>
    </ClInclude>
    <ClInclude Include="MathUtils.h">
      <Filter>头文件</Filter>
    </ClInclude>
  </ItemGroup>
  <ItemGroup>
    <ClCompile Include="pch.cpp">
      <Filter>源文件</Filter>
    </ClCompile>
    <ClCompile Include="SinianViewer.cpp">
      <Filter>源文件</Filter>
    </ClCompile>
    <ClCompile Include="..\..\lib\glad.c">
      <Filter>源文件</Filter>
    </ClCompile>
    <ClCompile Include="mesh.cpp">
      <Filter>源文件</Filter>
    </ClCompile>
    <ClCompile Include="Texture2D.cpp">
      <Filter>源文件</Filter>
    </ClCompile>
    <ClCompile Include="Camera.cpp">
      <Filter>源文件</Filter>
    </ClCompile>
    <ClCompile Include="BufferGeometry.cpp">
      <Filter>源文件</Filter>
    </ClCompile>
    <ClCompile Include="Geometry.cpp">
      <Filter>源文件</Filter>
    </ClCompile>
    <ClCompile Include="Material.cpp">
      <Filter>源文件</Filter>
    </ClCompile>
    <ClCompile Include="MeshBasicMaterial.cpp">
      <Filter>源文件</Filter>
    </ClCompile>
    <ClCompile Include="Shader.cpp">
      <Filter>源文件</Filter>
    </ClCompile>
    <ClCompile Include="PerspectiveCamera.cpp">
      <Filter>源文件</Filter>
    </ClCompile>
    <ClCompile Include="Object3D.cpp">
      <Filter>源文件</Filter>
    </ClCompile>
    <ClCompile Include="Renderer.cpp">
      <Filter>源文件</Filter>
    </ClCompile>
    <ClCompile Include="Scene.cpp">
      <Filter>源文件</Filter>
    </ClCompile>
    <ClCompile Include="RenderState.cpp">
      <Filter>源文件</Filter>
    </ClCompile>
    <ClCompile Include="BoxGeometry.cpp">
      <Filter>源文件</Filter>
    </ClCompile>
    <ClCompile Include="PlaneGeometry.cpp">
      <Filter>源文件</Filter>
    </ClCompile>
    <ClCompile Include="ShaderMaterial.cpp">
      <Filter>源文件</Filter>
    </ClCompile>
    <ClCompile Include="Light.cpp">
      <Filter>源文件</Filter>
    </ClCompile>
    <ClCompile Include="PointLight.cpp">
      <Filter>源文件</Filter>
    </ClCompile>
    <ClCompile Include="ShaderObject.cpp">
      <Filter>源文件</Filter>
    </ClCompile>
    <ClCompile Include="UniformsLib.cpp">
      <Filter>源文件</Filter>
    </ClCompile>
    <ClCompile Include="ShaderChunk.cpp">
      <Filter>源文件</Filter>
    </ClCompile>
    <ClCompile Include="ShaderLib.cpp">
      <Filter>源文件</Filter>
    </ClCompile>
    <ClCompile Include="ShaderLib\MeshBasicFrag.cpp">
      <Filter>ShaderLib</Filter>
    </ClCompile>
    <ClCompile Include="ShaderLib\MeshBasicVert.cpp">
      <Filter>ShaderLib</Filter>
    </ClCompile>
    <ClCompile Include="Programs.cpp">
      <Filter>源文件</Filter>
    </ClCompile>
    <ClCompile Include="Program.cpp">
      <Filter>源文件</Filter>
    </ClCompile>
    <ClCompile Include="ProgramParameters.cpp">
      <Filter>源文件</Filter>
    </ClCompile>
    <ClCompile Include="MaterialPropertie.cpp">
      <Filter>源文件</Filter>
    </ClCompile>
    <ClCompile Include="Uniforms.cpp">
      <Filter>源文件</Filter>
    </ClCompile>
    <ClCompile Include="SingleUniform.cpp">
      <Filter>源文件</Filter>
    </ClCompile>
    <ClCompile Include="Uniform.cpp">
      <Filter>源文件</Filter>
    </ClCompile>
    <ClCompile Include="State.cpp">
      <Filter>源文件</Filter>
    </ClCompile>
    <ClCompile Include="UniformSetting.cpp">
      <Filter>源文件</Filter>
    </ClCompile>
    <ClCompile Include="Textures.cpp">
      <Filter>源文件</Filter>
    </ClCompile>
    <ClCompile Include="Texture.cpp">
      <Filter>源文件</Filter>
    </ClCompile>
    <ClCompile Include="Capabilities.cpp">
      <Filter>源文件</Filter>
    </ClCompile>
    <ClCompile Include="Properties.cpp">
      <Filter>源文件</Filter>
    </ClCompile>
    <ClCompile Include="TexturePropertie.cpp">
      <Filter>源文件</Filter>
    </ClCompile>
    <ClCompile Include="Image.cpp">
      <Filter>源文件</Filter>
    </ClCompile>
    <ClCompile Include="MathUtils.cpp">
      <Filter>源文件</Filter>
    </ClCompile>
  </ItemGroup>
  <ItemGroup>
    <Library Include="..\..\lib\glfw3.lib" />
    <Library Include="..\..\lib\assimp.lib" />
  </ItemGroup>
  <ItemGroup>
    <ResourceCompile Include="SinianViewer.rc">
      <Filter>资源文件</Filter>
    </ResourceCompile>
  </ItemGroup>
</Project>